
Microsoft Visual Studio Solution File, Format Version 12.00
# Visual Studio Version 16
VisualStudioVersion = 16.0.32602.291
MinimumVisualStudioVersion = 10.0.40219.1
Project("{FAE04EC0-301F-11D3-BF4B-00C04F79EFBC}") = "OrientalMedical.WebService", "OrientalMedical.WebService\OrientalMedical.WebService.csproj", "{47964623-6ADB-4B8B-A730-DBE9573185B6}"
EndProject
Project("{FAE04EC0-301F-11D3-BF4B-00C04F79EFBC}") = "OrientalMedical.Damin", "OrientalMedical.Damin\OrientalMedical.Damin.csproj", "{75AB15DE-E3EB-41D1-B540-8D587C3F7B5B}"
EndProject
Project("{FAE04EC0-301F-11D3-BF4B-00C04F79EFBC}") = "OrientalMedical.Core", "OrientalMedical.Core\OrientalMedical.Core.csproj", "{7C89C68E-DC67-4288-A6BF-8C713777032C}"
EndProject
Project("{FAE04EC0-301F-11D3-BF4B-00C04F79EFBC}") = "OrientalMedical.Services", "OrientalMedical.Services\OrientalMedical.Services.csproj", "{9DFDEA5D-37D3-45CB-ABA1-F50AF653BDED}"
EndProject
Project("{FAE04EC0-301F-11D3-BF4B-00C04F79EFBC}") = "OrientalMedical.Shared", "OrientalMedical.Shared\OrientalMedical.Shared.csproj", "{7074F9AE-0121-4E03-9C87-9A6423416E55}"
EndProject
Global
	GlobalSection(SolutionConfigurationPlatforms) = preSolution
		Debug|Any CPU = Debug|Any CPU
		Release|Any CPU = Release|Any CPU
	EndGlobalSection
	GlobalSection(ProjectConfigurationPlatforms) = postSolution
		{47964623-6ADB-4B8B-A730-DBE9573185B6}.Debug|Any CPU.ActiveCfg = Debug|Any CPU
		{47964623-6ADB-4B8B-A730-DBE9573185B6}.Debug|Any CPU.Build.0 = Debug|Any CPU
		{47964623-6ADB-4B8B-A730-DBE9573185B6}.Release|Any CPU.ActiveCfg = Release|Any CPU
		{47964623-6ADB-4B8B-A730-DBE9573185B6}.Release|Any CPU.Build.0 = Release|Any CPU
		{75AB15DE-E3EB-41D1-B540-8D587C3F7B5B}.Debug|Any CPU.ActiveCfg = Debug|Any CPU
		{75AB15DE-E3EB-41D1-B540-8D587C3F7B5B}.Debug|Any CPU.Build.0 = Debug|Any CPU
		{75AB15DE-E3EB-41D1-B540-8D587C3F7B5B}.Release|Any CPU.ActiveCfg = Release|Any CPU
		{75AB15DE-E3EB-41D1-B540-8D587C3F7B5B}.Release|Any CPU.Build.0 = Release|Any CPU
		{7C89C68E-DC67-4288-A6BF-8C713777032C}.Debug|Any CPU.ActiveCfg = Debug|Any CPU
		{7C89C68E-DC67-4288-A6BF-8C713777032C}.Debug|Any CPU.Build.0 = Debug|Any CPU
		{7C89C68E-DC67-4288-A6BF-8C713777032C}.Release|Any CPU.ActiveCfg = Release|Any CPU
		{7C89C68E-DC67-4288-A6BF-8C713777032C}.Release|Any CPU.Build.0 = Release|Any CPU
		{9DFDEA5D-37D3-45CB-ABA1-F50AF653BDED}.Debug|Any CPU.ActiveCfg = Debug|Any CPU
		{9DFDEA5D-37D3-45CB-ABA1-F50AF653BDED}.Debug|Any CPU.Build.0 = Debug|Any CPU
		{9DFDEA5D-37D3-45CB-ABA1-F50AF653BDED}.Release|Any CPU.ActiveCfg = Release|Any CPU
		{9DFDEA5D-37D3-45CB-ABA1-F50AF653BDED}.Release|Any CPU.Build.0 = Release|Any CPU
		{7074F9AE-0121-4E03-9C87-9A6423416E55}.Debug|Any CPU.ActiveCfg = Debug|Any CPU
		{7074F9AE-0121-4E03-9C87-9A6423416E55}.Debug|Any CPU.Build.0 = Debug|Any CPU
		{7074F9AE-0121-4E03-9C87-9A6423416E55}.Release|Any CPU.ActiveCfg = Release|Any CPU
		{7074F9AE-0121-4E03-9C87-9A6423416E55}.Release|Any CPU.Build.0 = Release|Any CPU
	EndGlobalSection
	GlobalSection(SolutionProperties) = preSolution
		HideSolutionNode = FALSE
	EndGlobalSection
	GlobalSection(ExtensibilityGlobals) = postSolution
		SolutionGuid = {3B535B6F-451A-4546-8599-26190017DF23}
	EndGlobalSection
EndGlobal
